
Microsoft Visual Studio Solution File, Format Version 12.00
# Visual Studio 14
VisualStudioVersion = 14.0.25420.1
MinimumVisualStudioVersion = 10.0.40219.1
Project("{FAE04EC0-301F-11D3-BF4B-00C04F79EFBC}") = "ClassLibraryJurnal", "ClassLibraryJurnal\ClassLibraryJurnal.csproj", "{4ADA6BB2-90F4-4520-922D-DE6DDA25A9D3}"
EndProject
Project("{FAE04EC0-301F-11D3-BF4B-00C04F79EFBC}") = "ClassLibraryTransaksi", "ClassLibraryTransaksi\ClassLibraryTransaksi.csproj", "{E06B8296-B929-415B-83F8-63C2A3B6D676}"
EndProject
Project("{FAE04EC0-301F-11D3-BF4B-00C04F79EFBC}") = "SistemAkuntansi", "SistemAkuntansi\SistemAkuntansi.csproj", "{5DF24672-A2B3-4B5A-8E65-824C76DF22F8}"
EndProject
Global
	GlobalSection(SolutionConfigurationPlatforms) = preSolution
		Debug|Any CPU = Debug|Any CPU
		Release|Any CPU = Release|Any CPU
	EndGlobalSection
	GlobalSection(ProjectConfigurationPlatforms) = postSolution
		{4ADA6BB2-90F4-4520-922D-DE6DDA25A9D3}.Debug|Any CPU.ActiveCfg = Debug|Any CPU
		{4ADA6BB2-90F4-4520-922D-DE6DDA25A9D3}.Debug|Any CPU.Build.0 = Debug|Any CPU
		{4ADA6BB2-90F4-4520-922D-DE6DDA25A9D3}.Release|Any CPU.ActiveCfg = Release|Any CPU
		{4ADA6BB2-90F4-4520-922D-DE6DDA25A9D3}.Release|Any CPU.Build.0 = Release|Any CPU
		{E06B8296-B929-415B-83F8-63C2A3B6D676}.Debug|Any CPU.ActiveCfg = Debug|Any CPU
		{E06B8296-B929-415B-83F8-63C2A3B6D676}.Debug|Any CPU.Build.0 = Debug|Any CPU
		{E06B8296-B929-415B-83F8-63C2A3B6D676}.Release|Any CPU.ActiveCfg = Release|Any CPU
		{E06B8296-B929-415B-83F8-63C2A3B6D676}.Release|Any CPU.Build.0 = Release|Any CPU
		{5DF24672-A2B3-4B5A-8E65-824C76DF22F8}.Debug|Any CPU.ActiveCfg = Debug|Any CPU
		{5DF24672-A2B3-4B5A-8E65-824C76DF22F8}.Debug|Any CPU.Build.0 = Debug|Any CPU
		{5DF24672-A2B3-4B5A-8E65-824C76DF22F8}.Release|Any CPU.ActiveCfg = Release|Any CPU
		{5DF24672-A2B3-4B5A-8E65-824C76DF22F8}.Release|Any CPU.Build.0 = Release|Any CPU
	EndGlobalSection
	GlobalSection(SolutionProperties) = preSolution
		HideSolutionNode = FALSE
	EndGlobalSection
EndGlobal
